// !$*UTF8*$!
{
	archiveVersion = 1;
	classes = {
	};
	objectVersion = 46;
	objects = {

/* Begin PBXBuildFile section */
		523D13721A7F3B83008DBE9B /* AppDelegate.swift in Sources */ = {isa = PBXBuildFile; fileRef = 523D13711A7F3B83008DBE9B /* AppDelegate.swift */; };
		523D13741A7F3B83008DBE9B /* ViewController.swift in Sources */ = {isa = PBXBuildFile; fileRef = 523D13731A7F3B83008DBE9B /* ViewController.swift */; };
		523D13771A7F3B83008DBE9B /* Main.storyboard in Resources */ = {isa = PBXBuildFile; fileRef = 523D13751A7F3B83008DBE9B /* Main.storyboard */; };
		523D13791A7F3B83008DBE9B /* Images.xcassets in Resources */ = {isa = PBXBuildFile; fileRef = 523D13781A7F3B83008DBE9B /* Images.xcassets */; };
		523D137C1A7F3B83008DBE9B /* LaunchScreen.xib in Resources */ = {isa = PBXBuildFile; fileRef = 523D137A1A7F3B83008DBE9B /* LaunchScreen.xib */; };
		523D13881A7F3B83008DBE9B /* Swift_NSUserDefaultsTests.swift in Sources */ = {isa = PBXBuildFile; fileRef = 523D13871A7F3B83008DBE9B /* Swift_NSUserDefaultsTests.swift */; };
/* End PBXBuildFile section */

/* Begin PBXContainerItemProxy section */
		523D13821A7F3B83008DBE9B /* PBXContainerItemProxy */ = {
			isa = PBXContainerItemProxy;
			containerPortal = 523D13641A7F3B82008DBE9B /* Project object */;
			proxyType = 1;
			remoteGlobalIDString = 523D136B1A7F3B82008DBE9B;
			remoteInfo = "Swift-NSUserDefaults";
		};
/* End PBXContainerItemProxy section */

/* Begin PBXFileReference section */
		523D136C1A7F3B82008DBE9B /* Swift-NSUserDefaults.app */ = {isa = PBXFileReference; explicitFileType = wrapper.application; includeInIndex = 0; path = "Swift-NSUserDefaults.app"; sourceTree = BUILT_PRODUCTS_DIR; };
		523D13701A7F3B82008DBE9B /* Info.plist */ = {isa = PBXFileReference; lastKnownFileType = text.plist.xml; path = Info.plist; sourceTree = "<group>"; };
		523D13711A7F3B83008DBE9B /* AppDelegate.swift */ = {isa = PBXFileReference; lastKnownFileType = sourcecode.swift; path = AppDelegate.swift; sourceTree = "<group>"; };
		523D13731A7F3B83008DBE9B /* ViewController.swift */ = {isa = PBXFileReference; lastKnownFileType = sourcecode.swift; path = ViewController.swift; sourceTree = "<group>"; };
		523D13761A7F3B83008DBE9B /* Base */ = {isa = PBXFileReference; lastKnownFileType = file.storyboard; name = Base; path = Base.lproj/Main.storyboard; sourceTree = "<group>"; };
		523D13781A7F3B83008DBE9B /* Images.xcassets */ = {isa = PBXFileReference; lastKnownFileType = folder.assetcatalog; path = Images.xcassets; sourceTree = "<group>"; };
		523D137B1A7F3B83008DBE9B /* Base */ = {isa = PBXFileReference; lastKnownFileType = file.xib; name = Base; path = Base.lproj/LaunchScreen.xib; sourceTree = "<group>"; };
		523D13811A7F3B83008DBE9B /* Swift-NSUserDefaultsTests.xctest */ = {isa = PBXFileReference; explicitFileType = wrapper.cfbundle; includeInIndex = 0; path = "Swift-NSUserDefaultsTests.xctest"; sourceTree = BUILT_PRODUCTS_DIR; };
		523D13861A7F3B83008DBE9B /* Info.plist */ = {isa = PBXFileReference; lastKnownFileType = text.plist.xml; path = Info.plist; sourceTree = "<group>"; };
		523D13871A7F3B83008DBE9B /* Swift_NSUserDefaultsTests.swift */ = {isa = PBXFileReference; lastKnownFileType = sourcecode.swift; path = Swift_NSUserDefaultsTests.swift; sourceTree = "<group>"; };
/* End PBXFileReference section */

/* Begin PBXFrameworksBuildPhase section */
		523D13691A7F3B82008DBE9B /* Frameworks */ = {
			isa = PBXFrameworksBuildPhase;
			buildActionMask = 2147483647;
			files = (
			);
			runOnlyForDeploymentPostprocessing = 0;
		};
		523D137E1A7F3B83008DBE9B /* Frameworks */ = {
			isa = PBXFrameworksBuildPhase;
			buildActionMask = 2147483647;
			files = (
			);
			runOnlyForDeploymentPostprocessing = 0;
		};
/* End PBXFrameworksBuildPhase section */

/* Begin PBXGroup section */
		523D13631A7F3B82008DBE9B = {
			isa = PBXGroup;
			children = (
				523D136E1A7F3B82008DBE9B /* Swift-NSUserDefaults */,
				523D13841A7F3B83008DBE9B /* Swift-NSUserDefaultsTests */,
				523D136D1A7F3B82008DBE9B /* Products */,
			);
			sourceTree = "<group>";
		};
		523D136D1A7F3B82008DBE9B /* Products */ = {
			isa = PBXGroup;
			children = (
				523D136C1A7F3B82008DBE9B /* Swift-NSUserDefaults.app */,
				523D13811A7F3B83008DBE9B /* Swift-NSUserDefaultsTests.xctest */,
			);
			name = Products;
			sourceTree = "<group>";
		};
		523D136E1A7F3B82008DBE9B /* Swift-NSUserDefaults */ = {
			isa = PBXGroup;
			children = (
				523D13711A7F3B83008DBE9B /* AppDelegate.swift */,
				523D13731A7F3B83008DBE9B /* ViewController.swift */,
				523D13751A7F3B83008DBE9B /* Main.storyboard */,
				523D13781A7F3B83008DBE9B /* Images.xcassets */,
				523D137A1A7F3B83008DBE9B /* LaunchScreen.xib */,
				523D136F1A7F3B82008DBE9B /* Supporting Files */,
			);
			path = "Swift-NSUserDefaults";
			sourceTree = "<group>";
		};
		523D136F1A7F3B82008DBE9B /* Supporting Files */ = {
			isa = PBXGroup;
			children = (
				523D13701A7F3B82008DBE9B /* Info.plist */,
			);
			name = "Supporting Files";
			sourceTree = "<group>";
		};
		523D13841A7F3B83008DBE9B /* Swift-NSUserDefaultsTests */ = {
			isa = PBXGroup;
			children = (
				523D13871A7F3B83008DBE9B /* Swift_NSUserDefaultsTests.swift */,
				523D13851A7F3B83008DBE9B /* Supporting Files */,
			);
			path = "Swift-NSUserDefaultsTests";
			sourceTree = "<group>";
		};
		523D13851A7F3B83008DBE9B /* Supporting Files */ = {
			isa = PBXGroup;
			children = (
				523D13861A7F3B83008DBE9B /* Info.plist */,
			);
			name = "Supporting Files";
			sourceTree = "<group>";
		};
/* End PBXGroup section */

/* Begin PBXNativeTarget section */
		523D136B1A7F3B82008DBE9B /* Swift-NSUserDefaults */ = {
			isa = PBXNativeTarget;
			buildConfigurationList = 523D138B1A7F3B83008DBE9B /* Build configuration list for PBXNativeTarget "Swift-NSUserDefaults" */;
			buildPhases = (
				523D13681A7F3B82008DBE9B /* Sources */,
				523D13691A7F3B82008DBE9B /* Frameworks */,
				523D136A1A7F3B82008DBE9B /* Resources */,
			);
			buildRules = (
			);
			dependencies = (
			);
			name = "Swift-NSUserDefaults";
			productName = "Swift-NSUserDefaults";
			productReference = 523D136C1A7F3B82008DBE9B /* Swift-NSUserDefaults.app */;
			productType = "com.apple.product-type.application";
		};
		523D13801A7F3B83008DBE9B /* Swift-NSUserDefaultsTests */ = {
			isa = PBXNativeTarget;
			buildConfigurationList = 523D138E1A7F3B83008DBE9B /* Build configuration list for PBXNativeTarget "Swift-NSUserDefaultsTests" */;
			buildPhases = (
				523D137D1A7F3B83008DBE9B /* Sources */,
				523D137E1A7F3B83008DBE9B /* Frameworks */,
				523D137F1A7F3B83008DBE9B /* Resources */,
			);
			buildRules = (
			);
			dependencies = (
				523D13831A7F3B83008DBE9B /* PBXTargetDependency */,
			);
			name = "Swift-NSUserDefaultsTests";
			productName = "Swift-NSUserDefaultsTests";
			productReference = 523D13811A7F3B83008DBE9B /* Swift-NSUserDefaultsTests.xctest */;
			productType = "com.apple.product-type.bundle.unit-test";
		};
/* End PBXNativeTarget section */

/* Begin PBXProject section */
		523D13641A7F3B82008DBE9B /* Project object */ = {
			isa = PBXProject;
			attributes = {
				LastUpgradeCheck = 0610;
				ORGANIZATIONNAME = "Smart HRD";
				TargetAttributes = {
					523D136B1A7F3B82008DBE9B = {
						CreatedOnToolsVersion = 6.1.1;
					};
					523D13801A7F3B83008DBE9B = {
						CreatedOnToolsVersion = 6.1.1;
						TestTargetID = 523D136B1A7F3B82008DBE9B;
					};
				};
			};
			buildConfigurationList = 523D13671A7F3B82008DBE9B /* Build configuration list for PBXProject "Swift-NSUserDefaults" */;
			compatibilityVersion = "Xcode 3.2";
			developmentRegion = English;
			hasScannedForEncodings = 0;
			knownRegions = (
				en,
				Base,
			);
			mainGroup = 523D13631A7F3B82008DBE9B;
			productRefGroup = 523D136D1A7F3B82008DBE9B /* Products */;
			projectDirPath = "";
			projectRoot = "";
			targets = (
				523D136B1A7F3B82008DBE9B /* Swift-NSUserDefaults */,
				523D13801A7F3B83008DBE9B /* Swift-NSUserDefaultsTests */,
			);
		};
/* End PBXProject section */

/* Begin PBXResourcesBuildPhase section */
		523D136A1A7F3B82008DBE9B /* Resources */ = {
			isa = PBXResourcesBuildPhase;
			buildActionMask = 2147483647;
			files = (
				523D13771A7F3B83008DBE9B /* Main.storyboard in Resources */,
				523D137C1A7F3B83008DBE9B /* LaunchScreen.xib in Resources */,
				523D13791A7F3B83008DBE9B /* Images.xcassets in Resources */,
			);
			runOnlyForDeploymentPostprocessing = 0;
		};
		523D137F1A7F3B83008DBE9B /* Resources */ = {
			isa = PBXResourcesBuildPhase;
			buildActionMask = 2147483647;
			files = (
			);
			runOnlyForDeploymentPostprocessing = 0;
		};
/* End PBXResourcesBuildPhase section */

/* Begin PBXSourcesBuildPhase section */
		523D13681A7F3B82008DBE9B /* Sources */ = {
			isa = PBXSourcesBuildPhase;
			buildActionMask = 2147483647;
			files = (
				523D13741A7F3B83008DBE9B /* ViewController.swift in Sources */,
				523D13721A7F3B83008DBE9B /* AppDelegate.swift in Sources */,
			);
			runOnlyForDeploymentPostprocessing = 0;
		};
		523D137D1A7F3B83008DBE9B /* Sources */ = {
			isa = PBXSourcesBuildPhase;
			buildActionMask = 2147483647;
			files = (
				523D13881A7F3B83008DBE9B /* Swift_NSUserDefaultsTests.swift in Sources */,
			);
			runOnlyForDeploymentPostprocessing = 0;
		};
/* End PBXSourcesBuildPhase section */

/* Begin PBXTargetDependency section */
		523D13831A7F3B83008DBE9B /* PBXTargetDependency */ = {
			isa = PBXTargetDependency;
			target = 523D136B1A7F3B82008DBE9B /* Swift-NSUserDefaults */;
			targetProxy = 523D13821A7F3B83008DBE9B /* PBXContainerItemProxy */;
		};
/* End PBXTargetDependency section */

/* Begin PBXVariantGroup section */
		523D13751A7F3B83008DBE9B /* Main.storyboard */ = {
			isa = PBXVariantGroup;
			children = (
				523D13761A7F3B83008DBE9B /* Base */,
			);
			name = Main.storyboard;
			sourceTree = "<group>";
		};
		523D137A1A7F3B83008DBE9B /* LaunchScreen.xib */ = {
			isa = PBXVariantGroup;
			children = (
				523D137B1A7F3B83008DBE9B /* Base */,
			);
			name = LaunchScreen.xib;
			sourceTree = "<group>";
		};
/* End PBXVariantGroup section */

/* Begin XCBuildConfiguration section */
		523D13891A7F3B83008DBE9B /* Debug */ = {
			isa = XCBuildConfiguration;
			buildSettings = {
				ALWAYS_SEARCH_USER_PATHS = NO;
				CLANG_CXX_LANGUAGE_STANDARD = "gnu++0x";
				CLANG_CXX_LIBRARY = "libc++";
				CLANG_ENABLE_MODULES = YES;
				CLANG_ENABLE_OBJC_ARC = YES;
				CLANG_WARN_BOOL_CONVERSION = YES;
				CLANG_WARN_CONSTANT_CONVERSION = YES;
				CLANG_WARN_DIRECT_OBJC_ISA_USAGE = YES_ERROR;
				CLANG_WARN_EMPTY_BODY = YES;
				CLANG_WARN_ENUM_CONVERSION = YES;
				CLANG_WARN_INT_CONVERSION = YES;
				CLANG_WARN_OBJC_ROOT_CLASS = YES_ERROR;
				CLANG_WARN_UNREACHABLE_CODE = YES;
				CLANG_WARN__DUPLICATE_METHOD_MATCH = YES;
				"CODE_SIGN_IDENTITY[sdk=iphoneos*]" = "iPhone Developer";
				COPY_PHASE_STRIP = NO;
				ENABLE_STRICT_OBJC_MSGSEND = YES;
				GCC_C_LANGUAGE_STANDARD = gnu99;
				GCC_DYNAMIC_NO_PIC = NO;
				GCC_OPTIMIZATION_LEVEL = 0;
				GCC_PREPROCESSOR_DEFINITIONS = (
					"DEBUG=1",
					"$(inherited)",
				);
				GCC_SYMBOLS_PRIVATE_EXTERN = NO;
				GCC_WARN_64_TO_32_BIT_CONVERSION = YES;
				GCC_WARN_ABOUT_RETURN_TYPE = YES_ERROR;
				GCC_WARN_UNDECLARED_SELECTOR = YES;
				GCC_WARN_UNINITIALIZED_AUTOS = YES_AGGRESSIVE;
				GCC_WARN_UNUSED_FUNCTION = YES;
				GCC_WARN_UNUSED_VARIABLE = YES;
				IPHONEOS_DEPLOYMENT_TARGET = 8.1;
				MTL_ENABLE_DEBUG_INFO = YES;
				ONLY_ACTIVE_ARCH = YES;
				SDKROOT = iphoneos;
				SWIFT_OPTIMIZATION_LEVEL = "-Onone";
			};
			name = Debug;
		};
		523D138A1A7F3B83008DBE9B /* Release */ = {
			isa = XCBuildConfiguration;
			buildSettings = {
				ALWAYS_SEARCH_USER_PATHS = NO;
				CLANG_CXX_LANGUAGE_STANDARD = "gnu++0x";
				CLANG_CXX_LIBRARY = "libc++";
				CLANG_ENABLE_MODULES = YES;
				CLANG_ENABLE_OBJC_ARC = YES;
				CLANG_WARN_BOOL_CONVERSION = YES;
				CLANG_WARN_CONSTANT_CONVERSION = YES;
				CLANG_WARN_DIRECT_OBJC_ISA_USAGE = YES_ERROR;
				CLANG_WARN_EMPTY_BODY = YES;
				CLANG_WARN_ENUM_CONVERSION = YES;
				CLANG_WARN_INT_CONVERSION = YES;
				CLANG_WARN_OBJC_ROOT_CLASS = YES_ERROR;
				CLANG_WARN_UNREACHABLE_CODE = YES;
				CLANG_WARN__DUPLICATE_METHOD_MATCH = YES;
				"CODE_SIGN_IDENTITY[sdk=iphoneos*]" = "iPhone Developer";
				COPY_PHASE_STRIP = YES;
				ENABLE_NS_ASSERTIONS = NO;
				ENABLE_STRICT_OBJC_MSGSEND = YES;
				GCC_C_LANGUAGE_STANDARD = gnu99;
				GCC_WARN_64_TO_32_BIT_CONVERSION = YES;
				GCC_WARN_ABOUT_RETURN_TYPE = YES_ERROR;
				GCC_WARN_UNDECLARED_SELECTOR = YES;
				GCC_WARN_UNINITIALIZED_AUTOS = YES_AGGRESSIVE;
				GCC_WARN_UNUSED_FUNCTION = YES;
				GCC_WARN_UNUSED_VARIABLE = YES;
				IPHONEOS_DEPLOYMENT_TARGET = 8.1;
				MTL_ENABLE_DEBUG_INFO = NO;
				SDKROOT = iphoneos;
				VALIDATE_PRODUCT = YES;
			};
			name = Release;
		};
		523D138C1A7F3B83008DBE9B /* Debug */ = {
			isa = XCBuildConfiguration;
			buildSettings = {
				ASSETCATALOG_COMPILER_APPICON_NAME = AppIcon;
				INFOPLIST_FILE = "Swift-NSUserDefaults/Info.plist";
				LD_RUNPATH_SEARCH_PATHS = "$(inherited) @executable_path/Frameworks";
				PRODUCT_NAME = "$(TARGET_NAME)";
			};
			name = Debug;
		};
		523D138D1A7F3B83008DBE9B /* Release */ = {
			isa = XCBuildConfiguration;
			buildSettings = {
				ASSETCATALOG_COMPILER_APPICON_NAME = AppIcon;
				INFOPLIST_FILE = "Swift-NSUserDefaults/Info.plist";
				LD_RUNPATH_SEARCH_PATHS = "$(inherited) @executable_path/Frameworks";
				PRODUCT_NAME = "$(TARGET_NAME)";
			};
			name = Release;
		};
		523D138F1A7F3B83008DBE9B /* Debug */ = {
			isa = XCBuildConfiguration;
			buildSettings = {
				BUNDLE_LOADER = "$(TEST_HOST)";
				FRAMEWORK_SEARCH_PATHS = (
					"$(SDKROOT)/Developer/Library/Frameworks",
					"$(inherited)",
				);
				GCC_PREPROCESSOR_DEFINITIONS = (
					"DEBUG=1",
					"$(inherited)",
				);
				INFOPLIST_FILE = "Swift-NSUserDefaultsTests/Info.plist";
				LD_RUNPATH_SEARCH_PATHS = "$(inherited) @executable_path/Frameworks @loader_path/Frameworks";
				PRODUCT_NAME = "$(TARGET_NAME)";
				TEST_HOST = "$(BUILT_PRODUCTS_DIR)/Swift-NSUserDefaults.app/Swift-NSUserDefaults";
			};
			name = Debug;
		};
		523D13901A7F3B83008DBE9B /* Release */ = {
			isa = XCBuildConfiguration;
			buildSettings = {
				BUNDLE_LOADER = "$(TEST_HOST)";
				FRAMEWORK_SEARCH_PATHS = (
					"$(SDKROOT)/Developer/Library/Frameworks",
					"$(inherited)",
				);
				INFOPLIST_FILE = "Swift-NSUserDefaultsTests/Info.plist";
				LD_RUNPATH_SEARCH_PATHS = "$(inherited) @executable_path/Frameworks @loader_path/Frameworks";
				PRODUCT_NAME = "$(TARGET_NAME)";
				TEST_HOST = "$(BUILT_PRODUCTS_DIR)/Swift-NSUserDefaults.app/Swift-NSUserDefaults";
			};
			name = Release;
		};
/* End XCBuildConfiguration section */

/* Begin XCConfigurationList section */
		523D13671A7F3B82008DBE9B /* Build configuration list for PBXProject "Swift-NSUserDefaults" */ = {
			isa = XCConfigurationList;
			buildConfigurations = (
				523D13891A7F3B83008DBE9B /* Debug */,
				523D138A1A7F3B83008DBE9B /* Release */,
			);
			defaultConfigurationIsVisible = 0;
			defaultConfigurationName = Release;
		};
		523D138B1A7F3B83008DBE9B /* Build configuration list for PBXNativeTarget "Swift-NSUserDefaults" */ = {
			isa = XCConfigurationList;
			buildConfigurations = (
				523D138C1A7F3B83008DBE9B /* Debug */,
				523D138D1A7F3B83008DBE9B /* Release */,
			);
			defaultConfigurationIsVisible = 0;
		};
		523D138E1A7F3B83008DBE9B /* Build configuration list for PBXNativeTarget "Swift-NSUserDefaultsTests" */ = {
			isa = XCConfigurationList;
			buildConfigurations = (
				523D138F1A7F3B83008DBE9B /* Debug */,
				523D13901A7F3B83008DBE9B /* Release */,
			);
			defaultConfigurationIsVisible = 0;
		};
/* End XCConfigurationList section */
	};
	rootObject = 523D13641A7F3B82008DBE9B /* Project object */;
}
