// !$*UTF8*$!
{
	archiveVersion = 1;
	classes = {
	};
	objectVersion = 46;
	objects = {

/* Begin PBXBuildFile section */
		522E27FB1A7357D100BDED68 /* TestTableViewController.swift in Sources */ = {isa = PBXBuildFile; fileRef = 522E27FA1A7357D100BDED68 /* TestTableViewController.swift */; };
		522E27FD1A7359AA00BDED68 /* bg-blue-light.png in Resources */ = {isa = PBXBuildFile; fileRef = 522E27FC1A7359AA00BDED68 /* bg-blue-light.png */; };
		52AFB7F21A72EBF5001AA2E7 /* AppDelegate.swift in Sources */ = {isa = PBXBuildFile; fileRef = 52AFB7F11A72EBF5001AA2E7 /* AppDelegate.swift */; };
		52AFB7F71A72EBF5001AA2E7 /* Main.storyboard in Resources */ = {isa = PBXBuildFile; fileRef = 52AFB7F51A72EBF5001AA2E7 /* Main.storyboard */; };
		52AFB7F91A72EBF5001AA2E7 /* Images.xcassets in Resources */ = {isa = PBXBuildFile; fileRef = 52AFB7F81A72EBF5001AA2E7 /* Images.xcassets */; };
		52AFB7FC1A72EBF5001AA2E7 /* LaunchScreen.xib in Resources */ = {isa = PBXBuildFile; fileRef = 52AFB7FA1A72EBF5001AA2E7 /* LaunchScreen.xib */; };
		52AFB8081A72EBF5001AA2E7 /* UISearchbarTests.swift in Sources */ = {isa = PBXBuildFile; fileRef = 52AFB8071A72EBF5001AA2E7 /* UISearchbarTests.swift */; };
		52AFB8121A72EDC6001AA2E7 /* SearchTableViewController.swift in Sources */ = {isa = PBXBuildFile; fileRef = 52AFB8111A72EDC6001AA2E7 /* SearchTableViewController.swift */; };
		52ECC7E11A736D550029F676 /* bg-blue-dark.png in Resources */ = {isa = PBXBuildFile; fileRef = 52ECC7DF1A736D550029F676 /* bg-blue-dark.png */; };
		52ECC7E21A736D550029F676 /* bg-white.png in Resources */ = {isa = PBXBuildFile; fileRef = 52ECC7E01A736D550029F676 /* bg-white.png */; };
		52ECC7E61A7374770029F676 /* button.png in Resources */ = {isa = PBXBuildFile; fileRef = 52ECC7E51A7374770029F676 /* button.png */; };
/* End PBXBuildFile section */

/* Begin PBXContainerItemProxy section */
		52AFB8021A72EBF5001AA2E7 /* PBXContainerItemProxy */ = {
			isa = PBXContainerItemProxy;
			containerPortal = 52AFB7E41A72EBF5001AA2E7 /* Project object */;
			proxyType = 1;
			remoteGlobalIDString = 52AFB7EB1A72EBF5001AA2E7;
			remoteInfo = UISearchbar;
		};
/* End PBXContainerItemProxy section */

/* Begin PBXFileReference section */
		522E27FA1A7357D100BDED68 /* TestTableViewController.swift */ = {isa = PBXFileReference; fileEncoding = 4; lastKnownFileType = sourcecode.swift; path = TestTableViewController.swift; sourceTree = "<group>"; };
		522E27FC1A7359AA00BDED68 /* bg-blue-light.png */ = {isa = PBXFileReference; lastKnownFileType = image.png; path = "bg-blue-light.png"; sourceTree = "<group>"; };
		52AFB7EC1A72EBF5001AA2E7 /* UISearchbar.app */ = {isa = PBXFileReference; explicitFileType = wrapper.application; includeInIndex = 0; path = UISearchbar.app; sourceTree = BUILT_PRODUCTS_DIR; };
		52AFB7F01A72EBF5001AA2E7 /* Info.plist */ = {isa = PBXFileReference; lastKnownFileType = text.plist.xml; path = Info.plist; sourceTree = "<group>"; };
		52AFB7F11A72EBF5001AA2E7 /* AppDelegate.swift */ = {isa = PBXFileReference; lastKnownFileType = sourcecode.swift; path = AppDelegate.swift; sourceTree = "<group>"; };
		52AFB7F61A72EBF5001AA2E7 /* Base */ = {isa = PBXFileReference; lastKnownFileType = file.storyboard; name = Base; path = Base.lproj/Main.storyboard; sourceTree = "<group>"; };
		52AFB7F81A72EBF5001AA2E7 /* Images.xcassets */ = {isa = PBXFileReference; lastKnownFileType = folder.assetcatalog; path = Images.xcassets; sourceTree = "<group>"; };
		52AFB7FB1A72EBF5001AA2E7 /* Base */ = {isa = PBXFileReference; lastKnownFileType = file.xib; name = Base; path = Base.lproj/LaunchScreen.xib; sourceTree = "<group>"; };
		52AFB8011A72EBF5001AA2E7 /* UISearchbarTests.xctest */ = {isa = PBXFileReference; explicitFileType = wrapper.cfbundle; includeInIndex = 0; path = UISearchbarTests.xctest; sourceTree = BUILT_PRODUCTS_DIR; };
		52AFB8061A72EBF5001AA2E7 /* Info.plist */ = {isa = PBXFileReference; lastKnownFileType = text.plist.xml; path = Info.plist; sourceTree = "<group>"; };
		52AFB8071A72EBF5001AA2E7 /* UISearchbarTests.swift */ = {isa = PBXFileReference; lastKnownFileType = sourcecode.swift; path = UISearchbarTests.swift; sourceTree = "<group>"; };
		52AFB8111A72EDC6001AA2E7 /* SearchTableViewController.swift */ = {isa = PBXFileReference; fileEncoding = 4; lastKnownFileType = sourcecode.swift; path = SearchTableViewController.swift; sourceTree = "<group>"; };
		52ECC7DF1A736D550029F676 /* bg-blue-dark.png */ = {isa = PBXFileReference; lastKnownFileType = image.png; path = "bg-blue-dark.png"; sourceTree = "<group>"; };
		52ECC7E01A736D550029F676 /* bg-white.png */ = {isa = PBXFileReference; lastKnownFileType = image.png; path = "bg-white.png"; sourceTree = "<group>"; };
		52ECC7E51A7374770029F676 /* button.png */ = {isa = PBXFileReference; lastKnownFileType = image.png; path = button.png; sourceTree = "<group>"; };
/* End PBXFileReference section */

/* Begin PBXFrameworksBuildPhase section */
		52AFB7E91A72EBF5001AA2E7 /* Frameworks */ = {
			isa = PBXFrameworksBuildPhase;
			buildActionMask = 2147483647;
			files = (
			);
			runOnlyForDeploymentPostprocessing = 0;
		};
		52AFB7FE1A72EBF5001AA2E7 /* Frameworks */ = {
			isa = PBXFrameworksBuildPhase;
			buildActionMask = 2147483647;
			files = (
			);
			runOnlyForDeploymentPostprocessing = 0;
		};
/* End PBXFrameworksBuildPhase section */

/* Begin PBXGroup section */
		52AFB7E31A72EBF5001AA2E7 = {
			isa = PBXGroup;
			children = (
				52AFB7EE1A72EBF5001AA2E7 /* UISearchbar */,
				52AFB8041A72EBF5001AA2E7 /* UISearchbarTests */,
				52AFB7ED1A72EBF5001AA2E7 /* Products */,
			);
			sourceTree = "<group>";
		};
		52AFB7ED1A72EBF5001AA2E7 /* Products */ = {
			isa = PBXGroup;
			children = (
				52AFB7EC1A72EBF5001AA2E7 /* UISearchbar.app */,
				52AFB8011A72EBF5001AA2E7 /* UISearchbarTests.xctest */,
			);
			name = Products;
			sourceTree = "<group>";
		};
		52AFB7EE1A72EBF5001AA2E7 /* UISearchbar */ = {
			isa = PBXGroup;
			children = (
				52ECC7E51A7374770029F676 /* button.png */,
				52ECC7DF1A736D550029F676 /* bg-blue-dark.png */,
				52ECC7E01A736D550029F676 /* bg-white.png */,
				522E27FC1A7359AA00BDED68 /* bg-blue-light.png */,
				52AFB7F11A72EBF5001AA2E7 /* AppDelegate.swift */,
				52AFB7F51A72EBF5001AA2E7 /* Main.storyboard */,
				52AFB7F81A72EBF5001AA2E7 /* Images.xcassets */,
				52AFB7FA1A72EBF5001AA2E7 /* LaunchScreen.xib */,
				52AFB7EF1A72EBF5001AA2E7 /* Supporting Files */,
				52AFB8111A72EDC6001AA2E7 /* SearchTableViewController.swift */,
				522E27FA1A7357D100BDED68 /* TestTableViewController.swift */,
			);
			path = UISearchbar;
			sourceTree = "<group>";
		};
		52AFB7EF1A72EBF5001AA2E7 /* Supporting Files */ = {
			isa = PBXGroup;
			children = (
				52AFB7F01A72EBF5001AA2E7 /* Info.plist */,
			);
			name = "Supporting Files";
			sourceTree = "<group>";
		};
		52AFB8041A72EBF5001AA2E7 /* UISearchbarTests */ = {
			isa = PBXGroup;
			children = (
				52AFB8071A72EBF5001AA2E7 /* UISearchbarTests.swift */,
				52AFB8051A72EBF5001AA2E7 /* Supporting Files */,
			);
			path = UISearchbarTests;
			sourceTree = "<group>";
		};
		52AFB8051A72EBF5001AA2E7 /* Supporting Files */ = {
			isa = PBXGroup;
			children = (
				52AFB8061A72EBF5001AA2E7 /* Info.plist */,
			);
			name = "Supporting Files";
			sourceTree = "<group>";
		};
/* End PBXGroup section */

/* Begin PBXNativeTarget section */
		52AFB7EB1A72EBF5001AA2E7 /* UISearchbar */ = {
			isa = PBXNativeTarget;
			buildConfigurationList = 52AFB80B1A72EBF5001AA2E7 /* Build configuration list for PBXNativeTarget "UISearchbar" */;
			buildPhases = (
				52AFB7E81A72EBF5001AA2E7 /* Sources */,
				52AFB7E91A72EBF5001AA2E7 /* Frameworks */,
				52AFB7EA1A72EBF5001AA2E7 /* Resources */,
			);
			buildRules = (
			);
			dependencies = (
			);
			name = UISearchbar;
			productName = UISearchbar;
			productReference = 52AFB7EC1A72EBF5001AA2E7 /* UISearchbar.app */;
			productType = "com.apple.product-type.application";
		};
		52AFB8001A72EBF5001AA2E7 /* UISearchbarTests */ = {
			isa = PBXNativeTarget;
			buildConfigurationList = 52AFB80E1A72EBF5001AA2E7 /* Build configuration list for PBXNativeTarget "UISearchbarTests" */;
			buildPhases = (
				52AFB7FD1A72EBF5001AA2E7 /* Sources */,
				52AFB7FE1A72EBF5001AA2E7 /* Frameworks */,
				52AFB7FF1A72EBF5001AA2E7 /* Resources */,
			);
			buildRules = (
			);
			dependencies = (
				52AFB8031A72EBF5001AA2E7 /* PBXTargetDependency */,
			);
			name = UISearchbarTests;
			productName = UISearchbarTests;
			productReference = 52AFB8011A72EBF5001AA2E7 /* UISearchbarTests.xctest */;
			productType = "com.apple.product-type.bundle.unit-test";
		};
/* End PBXNativeTarget section */

/* Begin PBXProject section */
		52AFB7E41A72EBF5001AA2E7 /* Project object */ = {
			isa = PBXProject;
			attributes = {
				LastUpgradeCheck = 0610;
				ORGANIZATIONNAME = "Smart HRD";
				TargetAttributes = {
					52AFB7EB1A72EBF5001AA2E7 = {
						CreatedOnToolsVersion = 6.1.1;
					};
					52AFB8001A72EBF5001AA2E7 = {
						CreatedOnToolsVersion = 6.1.1;
						TestTargetID = 52AFB7EB1A72EBF5001AA2E7;
					};
				};
			};
			buildConfigurationList = 52AFB7E71A72EBF5001AA2E7 /* Build configuration list for PBXProject "UISearchbar" */;
			compatibilityVersion = "Xcode 3.2";
			developmentRegion = English;
			hasScannedForEncodings = 0;
			knownRegions = (
				en,
				Base,
			);
			mainGroup = 52AFB7E31A72EBF5001AA2E7;
			productRefGroup = 52AFB7ED1A72EBF5001AA2E7 /* Products */;
			projectDirPath = "";
			projectRoot = "";
			targets = (
				52AFB7EB1A72EBF5001AA2E7 /* UISearchbar */,
				52AFB8001A72EBF5001AA2E7 /* UISearchbarTests */,
			);
		};
/* End PBXProject section */

/* Begin PBXResourcesBuildPhase section */
		52AFB7EA1A72EBF5001AA2E7 /* Resources */ = {
			isa = PBXResourcesBuildPhase;
			buildActionMask = 2147483647;
			files = (
				52ECC7E21A736D550029F676 /* bg-white.png in Resources */,
				52AFB7F71A72EBF5001AA2E7 /* Main.storyboard in Resources */,
				52AFB7FC1A72EBF5001AA2E7 /* LaunchScreen.xib in Resources */,
				52AFB7F91A72EBF5001AA2E7 /* Images.xcassets in Resources */,
				52ECC7E11A736D550029F676 /* bg-blue-dark.png in Resources */,
				52ECC7E61A7374770029F676 /* button.png in Resources */,
				522E27FD1A7359AA00BDED68 /* bg-blue-light.png in Resources */,
			);
			runOnlyForDeploymentPostprocessing = 0;
		};
		52AFB7FF1A72EBF5001AA2E7 /* Resources */ = {
			isa = PBXResourcesBuildPhase;
			buildActionMask = 2147483647;
			files = (
			);
			runOnlyForDeploymentPostprocessing = 0;
		};
/* End PBXResourcesBuildPhase section */

/* Begin PBXSourcesBuildPhase section */
		52AFB7E81A72EBF5001AA2E7 /* Sources */ = {
			isa = PBXSourcesBuildPhase;
			buildActionMask = 2147483647;
			files = (
				52AFB7F21A72EBF5001AA2E7 /* AppDelegate.swift in Sources */,
				52AFB8121A72EDC6001AA2E7 /* SearchTableViewController.swift in Sources */,
				522E27FB1A7357D100BDED68 /* TestTableViewController.swift in Sources */,
			);
			runOnlyForDeploymentPostprocessing = 0;
		};
		52AFB7FD1A72EBF5001AA2E7 /* Sources */ = {
			isa = PBXSourcesBuildPhase;
			buildActionMask = 2147483647;
			files = (
				52AFB8081A72EBF5001AA2E7 /* UISearchbarTests.swift in Sources */,
			);
			runOnlyForDeploymentPostprocessing = 0;
		};
/* End PBXSourcesBuildPhase section */

/* Begin PBXTargetDependency section */
		52AFB8031A72EBF5001AA2E7 /* PBXTargetDependency */ = {
			isa = PBXTargetDependency;
			target = 52AFB7EB1A72EBF5001AA2E7 /* UISearchbar */;
			targetProxy = 52AFB8021A72EBF5001AA2E7 /* PBXContainerItemProxy */;
		};
/* End PBXTargetDependency section */

/* Begin PBXVariantGroup section */
		52AFB7F51A72EBF5001AA2E7 /* Main.storyboard */ = {
			isa = PBXVariantGroup;
			children = (
				52AFB7F61A72EBF5001AA2E7 /* Base */,
			);
			name = Main.storyboard;
			sourceTree = "<group>";
		};
		52AFB7FA1A72EBF5001AA2E7 /* LaunchScreen.xib */ = {
			isa = PBXVariantGroup;
			children = (
				52AFB7FB1A72EBF5001AA2E7 /* Base */,
			);
			name = LaunchScreen.xib;
			sourceTree = "<group>";
		};
/* End PBXVariantGroup section */

/* Begin XCBuildConfiguration section */
		52AFB8091A72EBF5001AA2E7 /* Debug */ = {
			isa = XCBuildConfiguration;
			buildSettings = {
				ALWAYS_SEARCH_USER_PATHS = NO;
				CLANG_CXX_LANGUAGE_STANDARD = "gnu++0x";
				CLANG_CXX_LIBRARY = "libc++";
				CLANG_ENABLE_MODULES = YES;
				CLANG_ENABLE_OBJC_ARC = YES;
				CLANG_WARN_BOOL_CONVERSION = YES;
				CLANG_WARN_CONSTANT_CONVERSION = YES;
				CLANG_WARN_DIRECT_OBJC_ISA_USAGE = YES_ERROR;
				CLANG_WARN_EMPTY_BODY = YES;
				CLANG_WARN_ENUM_CONVERSION = YES;
				CLANG_WARN_INT_CONVERSION = YES;
				CLANG_WARN_OBJC_ROOT_CLASS = YES_ERROR;
				CLANG_WARN_UNREACHABLE_CODE = YES;
				CLANG_WARN__DUPLICATE_METHOD_MATCH = YES;
				"CODE_SIGN_IDENTITY[sdk=iphoneos*]" = "iPhone Developer";
				COPY_PHASE_STRIP = NO;
				ENABLE_STRICT_OBJC_MSGSEND = YES;
				GCC_C_LANGUAGE_STANDARD = gnu99;
				GCC_DYNAMIC_NO_PIC = NO;
				GCC_OPTIMIZATION_LEVEL = 0;
				GCC_PREPROCESSOR_DEFINITIONS = (
					"DEBUG=1",
					"$(inherited)",
				);
				GCC_SYMBOLS_PRIVATE_EXTERN = NO;
				GCC_WARN_64_TO_32_BIT_CONVERSION = YES;
				GCC_WARN_ABOUT_RETURN_TYPE = YES_ERROR;
				GCC_WARN_UNDECLARED_SELECTOR = YES;
				GCC_WARN_UNINITIALIZED_AUTOS = YES_AGGRESSIVE;
				GCC_WARN_UNUSED_FUNCTION = YES;
				GCC_WARN_UNUSED_VARIABLE = YES;
				IPHONEOS_DEPLOYMENT_TARGET = 8.1;
				MTL_ENABLE_DEBUG_INFO = YES;
				ONLY_ACTIVE_ARCH = YES;
				SDKROOT = iphoneos;
				SWIFT_OPTIMIZATION_LEVEL = "-Onone";
			};
			name = Debug;
		};
		52AFB80A1A72EBF5001AA2E7 /* Release */ = {
			isa = XCBuildConfiguration;
			buildSettings = {
				ALWAYS_SEARCH_USER_PATHS = NO;
				CLANG_CXX_LANGUAGE_STANDARD = "gnu++0x";
				CLANG_CXX_LIBRARY = "libc++";
				CLANG_ENABLE_MODULES = YES;
				CLANG_ENABLE_OBJC_ARC = YES;
				CLANG_WARN_BOOL_CONVERSION = YES;
				CLANG_WARN_CONSTANT_CONVERSION = YES;
				CLANG_WARN_DIRECT_OBJC_ISA_USAGE = YES_ERROR;
				CLANG_WARN_EMPTY_BODY = YES;
				CLANG_WARN_ENUM_CONVERSION = YES;
				CLANG_WARN_INT_CONVERSION = YES;
				CLANG_WARN_OBJC_ROOT_CLASS = YES_ERROR;
				CLANG_WARN_UNREACHABLE_CODE = YES;
				CLANG_WARN__DUPLICATE_METHOD_MATCH = YES;
				"CODE_SIGN_IDENTITY[sdk=iphoneos*]" = "iPhone Developer";
				COPY_PHASE_STRIP = YES;
				ENABLE_NS_ASSERTIONS = NO;
				ENABLE_STRICT_OBJC_MSGSEND = YES;
				GCC_C_LANGUAGE_STANDARD = gnu99;
				GCC_WARN_64_TO_32_BIT_CONVERSION = YES;
				GCC_WARN_ABOUT_RETURN_TYPE = YES_ERROR;
				GCC_WARN_UNDECLARED_SELECTOR = YES;
				GCC_WARN_UNINITIALIZED_AUTOS = YES_AGGRESSIVE;
				GCC_WARN_UNUSED_FUNCTION = YES;
				GCC_WARN_UNUSED_VARIABLE = YES;
				IPHONEOS_DEPLOYMENT_TARGET = 8.1;
				MTL_ENABLE_DEBUG_INFO = NO;
				SDKROOT = iphoneos;
				VALIDATE_PRODUCT = YES;
			};
			name = Release;
		};
		52AFB80C1A72EBF5001AA2E7 /* Debug */ = {
			isa = XCBuildConfiguration;
			buildSettings = {
				ASSETCATALOG_COMPILER_APPICON_NAME = AppIcon;
				INFOPLIST_FILE = UISearchbar/Info.plist;
				LD_RUNPATH_SEARCH_PATHS = "$(inherited) @executable_path/Frameworks";
				PRODUCT_NAME = "$(TARGET_NAME)";
				TARGETED_DEVICE_FAMILY = "1,2";
			};
			name = Debug;
		};
		52AFB80D1A72EBF5001AA2E7 /* Release */ = {
			isa = XCBuildConfiguration;
			buildSettings = {
				ASSETCATALOG_COMPILER_APPICON_NAME = AppIcon;
				INFOPLIST_FILE = UISearchbar/Info.plist;
				LD_RUNPATH_SEARCH_PATHS = "$(inherited) @executable_path/Frameworks";
				PRODUCT_NAME = "$(TARGET_NAME)";
				TARGETED_DEVICE_FAMILY = "1,2";
			};
			name = Release;
		};
		52AFB80F1A72EBF5001AA2E7 /* Debug */ = {
			isa = XCBuildConfiguration;
			buildSettings = {
				BUNDLE_LOADER = "$(TEST_HOST)";
				FRAMEWORK_SEARCH_PATHS = (
					"$(SDKROOT)/Developer/Library/Frameworks",
					"$(inherited)",
				);
				GCC_PREPROCESSOR_DEFINITIONS = (
					"DEBUG=1",
					"$(inherited)",
				);
				INFOPLIST_FILE = UISearchbarTests/Info.plist;
				LD_RUNPATH_SEARCH_PATHS = "$(inherited) @executable_path/Frameworks @loader_path/Frameworks";
				PRODUCT_NAME = "$(TARGET_NAME)";
				TEST_HOST = "$(BUILT_PRODUCTS_DIR)/UISearchbar.app/UISearchbar";
			};
			name = Debug;
		};
		52AFB8101A72EBF5001AA2E7 /* Release */ = {
			isa = XCBuildConfiguration;
			buildSettings = {
				BUNDLE_LOADER = "$(TEST_HOST)";
				FRAMEWORK_SEARCH_PATHS = (
					"$(SDKROOT)/Developer/Library/Frameworks",
					"$(inherited)",
				);
				INFOPLIST_FILE = UISearchbarTests/Info.plist;
				LD_RUNPATH_SEARCH_PATHS = "$(inherited) @executable_path/Frameworks @loader_path/Frameworks";
				PRODUCT_NAME = "$(TARGET_NAME)";
				TEST_HOST = "$(BUILT_PRODUCTS_DIR)/UISearchbar.app/UISearchbar";
			};
			name = Release;
		};
/* End XCBuildConfiguration section */

/* Begin XCConfigurationList section */
		52AFB7E71A72EBF5001AA2E7 /* Build configuration list for PBXProject "UISearchbar" */ = {
			isa = XCConfigurationList;
			buildConfigurations = (
				52AFB8091A72EBF5001AA2E7 /* Debug */,
				52AFB80A1A72EBF5001AA2E7 /* Release */,
			);
			defaultConfigurationIsVisible = 0;
			defaultConfigurationName = Release;
		};
		52AFB80B1A72EBF5001AA2E7 /* Build configuration list for PBXNativeTarget "UISearchbar" */ = {
			isa = XCConfigurationList;
			buildConfigurations = (
				52AFB80C1A72EBF5001AA2E7 /* Debug */,
				52AFB80D1A72EBF5001AA2E7 /* Release */,
			);
			defaultConfigurationIsVisible = 0;
			defaultConfigurationName = Release;
		};
		52AFB80E1A72EBF5001AA2E7 /* Build configuration list for PBXNativeTarget "UISearchbarTests" */ = {
			isa = XCConfigurationList;
			buildConfigurations = (
				52AFB80F1A72EBF5001AA2E7 /* Debug */,
				52AFB8101A72EBF5001AA2E7 /* Release */,
			);
			defaultConfigurationIsVisible = 0;
			defaultConfigurationName = Release;
		};
/* End XCConfigurationList section */
	};
	rootObject = 52AFB7E41A72EBF5001AA2E7 /* Project object */;
}
