// !$*UTF8*$!
{
	archiveVersion = 1;
	classes = {
	};
	objectVersion = 46;
	objects = {

/* Begin PBXBuildFile section */
		5203AA801A6039B5000676FC /* AllListsViewController.swift in Sources */ = {isa = PBXBuildFile; fileRef = 5203AA7F1A6039B5000676FC /* AllListsViewController.swift */; };
		5203AA821A60509B000676FC /* Checklist.swift in Sources */ = {isa = PBXBuildFile; fileRef = 5203AA811A60509B000676FC /* Checklist.swift */; };
		52413BA01A69972200191E9B /* IconPickerViewController.swift in Sources */ = {isa = PBXBuildFile; fileRef = 52413B9F1A69972200191E9B /* IconPickerViewController.swift */; };
		525060801A4B432F0029C34E /* ChecklistItem.swift in Sources */ = {isa = PBXBuildFile; fileRef = 5250607F1A4B432F0029C34E /* ChecklistItem.swift */; };
		52A69B831A52F8CB0042F2E8 /* AddItemViewController.swift in Sources */ = {isa = PBXBuildFile; fileRef = 52A69B821A52F8CB0042F2E8 /* AddItemViewController.swift */; };
		52B61DE41A44B7C400F494AF /* AppDelegate.swift in Sources */ = {isa = PBXBuildFile; fileRef = 52B61DE31A44B7C400F494AF /* AppDelegate.swift */; };
		52B61DE61A44B7C400F494AF /* ChecklistViewController.swift in Sources */ = {isa = PBXBuildFile; fileRef = 52B61DE51A44B7C400F494AF /* ChecklistViewController.swift */; };
		52B61DE91A44B7C500F494AF /* Main.storyboard in Resources */ = {isa = PBXBuildFile; fileRef = 52B61DE71A44B7C500F494AF /* Main.storyboard */; };
		52B61DEB1A44B7C500F494AF /* Images.xcassets in Resources */ = {isa = PBXBuildFile; fileRef = 52B61DEA1A44B7C500F494AF /* Images.xcassets */; };
		52B61DEE1A44B7C500F494AF /* LaunchScreen.xib in Resources */ = {isa = PBXBuildFile; fileRef = 52B61DEC1A44B7C500F494AF /* LaunchScreen.xib */; };
		52B61DFA1A44B7C500F494AF /* SmartChecklistsTests.swift in Sources */ = {isa = PBXBuildFile; fileRef = 52B61DF91A44B7C500F494AF /* SmartChecklistsTests.swift */; };
		52FF8F341A62ED6F00351480 /* ListDetailViewController.swift in Sources */ = {isa = PBXBuildFile; fileRef = 52FF8F331A62ED6E00351480 /* ListDetailViewController.swift */; };
/* End PBXBuildFile section */

/* Begin PBXContainerItemProxy section */
		52B61DF41A44B7C500F494AF /* PBXContainerItemProxy */ = {
			isa = PBXContainerItemProxy;
			containerPortal = 52B61DD61A44B7C400F494AF /* Project object */;
			proxyType = 1;
			remoteGlobalIDString = 52B61DDD1A44B7C400F494AF;
			remoteInfo = SmartChecklists;
		};
/* End PBXContainerItemProxy section */

/* Begin PBXFileReference section */
		5203AA7F1A6039B5000676FC /* AllListsViewController.swift */ = {isa = PBXFileReference; fileEncoding = 4; lastKnownFileType = sourcecode.swift; path = AllListsViewController.swift; sourceTree = "<group>"; };
		5203AA811A60509B000676FC /* Checklist.swift */ = {isa = PBXFileReference; fileEncoding = 4; lastKnownFileType = sourcecode.swift; path = Checklist.swift; sourceTree = "<group>"; };
		52413B9F1A69972200191E9B /* IconPickerViewController.swift */ = {isa = PBXFileReference; fileEncoding = 4; lastKnownFileType = sourcecode.swift; path = IconPickerViewController.swift; sourceTree = "<group>"; };
		5250607F1A4B432F0029C34E /* ChecklistItem.swift */ = {isa = PBXFileReference; fileEncoding = 4; lastKnownFileType = sourcecode.swift; path = ChecklistItem.swift; sourceTree = "<group>"; };
		52A69B821A52F8CB0042F2E8 /* AddItemViewController.swift */ = {isa = PBXFileReference; fileEncoding = 4; lastKnownFileType = sourcecode.swift; path = AddItemViewController.swift; sourceTree = "<group>"; };
		52B61DDE1A44B7C400F494AF /* SmartChecklists.app */ = {isa = PBXFileReference; explicitFileType = wrapper.application; includeInIndex = 0; path = SmartChecklists.app; sourceTree = BUILT_PRODUCTS_DIR; };
		52B61DE21A44B7C400F494AF /* Info.plist */ = {isa = PBXFileReference; lastKnownFileType = text.plist.xml; path = Info.plist; sourceTree = "<group>"; };
		52B61DE31A44B7C400F494AF /* AppDelegate.swift */ = {isa = PBXFileReference; lastKnownFileType = sourcecode.swift; path = AppDelegate.swift; sourceTree = "<group>"; };
		52B61DE51A44B7C400F494AF /* ChecklistViewController.swift */ = {isa = PBXFileReference; lastKnownFileType = sourcecode.swift; path = ChecklistViewController.swift; sourceTree = "<group>"; };
		52B61DE81A44B7C500F494AF /* Base */ = {isa = PBXFileReference; lastKnownFileType = file.storyboard; name = Base; path = Base.lproj/Main.storyboard; sourceTree = "<group>"; };
		52B61DEA1A44B7C500F494AF /* Images.xcassets */ = {isa = PBXFileReference; lastKnownFileType = folder.assetcatalog; path = Images.xcassets; sourceTree = "<group>"; };
		52B61DED1A44B7C500F494AF /* Base */ = {isa = PBXFileReference; lastKnownFileType = file.xib; name = Base; path = Base.lproj/LaunchScreen.xib; sourceTree = "<group>"; };
		52B61DF31A44B7C500F494AF /* SmartChecklistsTests.xctest */ = {isa = PBXFileReference; explicitFileType = wrapper.cfbundle; includeInIndex = 0; path = SmartChecklistsTests.xctest; sourceTree = BUILT_PRODUCTS_DIR; };
		52B61DF81A44B7C500F494AF /* Info.plist */ = {isa = PBXFileReference; lastKnownFileType = text.plist.xml; path = Info.plist; sourceTree = "<group>"; };
		52B61DF91A44B7C500F494AF /* SmartChecklistsTests.swift */ = {isa = PBXFileReference; lastKnownFileType = sourcecode.swift; path = SmartChecklistsTests.swift; sourceTree = "<group>"; };
		52FF8F331A62ED6E00351480 /* ListDetailViewController.swift */ = {isa = PBXFileReference; fileEncoding = 4; lastKnownFileType = sourcecode.swift; path = ListDetailViewController.swift; sourceTree = "<group>"; };
/* End PBXFileReference section */

/* Begin PBXFrameworksBuildPhase section */
		52B61DDB1A44B7C400F494AF /* Frameworks */ = {
			isa = PBXFrameworksBuildPhase;
			buildActionMask = 2147483647;
			files = (
			);
			runOnlyForDeploymentPostprocessing = 0;
		};
		52B61DF01A44B7C500F494AF /* Frameworks */ = {
			isa = PBXFrameworksBuildPhase;
			buildActionMask = 2147483647;
			files = (
			);
			runOnlyForDeploymentPostprocessing = 0;
		};
/* End PBXFrameworksBuildPhase section */

/* Begin PBXGroup section */
		52B61DD51A44B7C400F494AF = {
			isa = PBXGroup;
			children = (
				52B61DE01A44B7C400F494AF /* SmartChecklists */,
				52B61DF61A44B7C500F494AF /* SmartChecklistsTests */,
				52B61DDF1A44B7C400F494AF /* Products */,
			);
			sourceTree = "<group>";
		};
		52B61DDF1A44B7C400F494AF /* Products */ = {
			isa = PBXGroup;
			children = (
				52B61DDE1A44B7C400F494AF /* SmartChecklists.app */,
				52B61DF31A44B7C500F494AF /* SmartChecklistsTests.xctest */,
			);
			name = Products;
			sourceTree = "<group>";
		};
		52B61DE01A44B7C400F494AF /* SmartChecklists */ = {
			isa = PBXGroup;
			children = (
				52B61DE31A44B7C400F494AF /* AppDelegate.swift */,
				52B61DE51A44B7C400F494AF /* ChecklistViewController.swift */,
				52B61DE71A44B7C500F494AF /* Main.storyboard */,
				52B61DEA1A44B7C500F494AF /* Images.xcassets */,
				52B61DEC1A44B7C500F494AF /* LaunchScreen.xib */,
				52B61DE11A44B7C400F494AF /* Supporting Files */,
				5250607F1A4B432F0029C34E /* ChecklistItem.swift */,
				52A69B821A52F8CB0042F2E8 /* AddItemViewController.swift */,
				5203AA7F1A6039B5000676FC /* AllListsViewController.swift */,
				5203AA811A60509B000676FC /* Checklist.swift */,
				52FF8F331A62ED6E00351480 /* ListDetailViewController.swift */,
				52413B9F1A69972200191E9B /* IconPickerViewController.swift */,
			);
			path = SmartChecklists;
			sourceTree = "<group>";
		};
		52B61DE11A44B7C400F494AF /* Supporting Files */ = {
			isa = PBXGroup;
			children = (
				52B61DE21A44B7C400F494AF /* Info.plist */,
			);
			name = "Supporting Files";
			sourceTree = "<group>";
		};
		52B61DF61A44B7C500F494AF /* SmartChecklistsTests */ = {
			isa = PBXGroup;
			children = (
				52B61DF91A44B7C500F494AF /* SmartChecklistsTests.swift */,
				52B61DF71A44B7C500F494AF /* Supporting Files */,
			);
			path = SmartChecklistsTests;
			sourceTree = "<group>";
		};
		52B61DF71A44B7C500F494AF /* Supporting Files */ = {
			isa = PBXGroup;
			children = (
				52B61DF81A44B7C500F494AF /* Info.plist */,
			);
			name = "Supporting Files";
			sourceTree = "<group>";
		};
/* End PBXGroup section */

/* Begin PBXNativeTarget section */
		52B61DDD1A44B7C400F494AF /* SmartChecklists */ = {
			isa = PBXNativeTarget;
			buildConfigurationList = 52B61DFD1A44B7C500F494AF /* Build configuration list for PBXNativeTarget "SmartChecklists" */;
			buildPhases = (
				52B61DDA1A44B7C400F494AF /* Sources */,
				52B61DDB1A44B7C400F494AF /* Frameworks */,
				52B61DDC1A44B7C400F494AF /* Resources */,
			);
			buildRules = (
			);
			dependencies = (
			);
			name = SmartChecklists;
			productName = SmartChecklists;
			productReference = 52B61DDE1A44B7C400F494AF /* SmartChecklists.app */;
			productType = "com.apple.product-type.application";
		};
		52B61DF21A44B7C500F494AF /* SmartChecklistsTests */ = {
			isa = PBXNativeTarget;
			buildConfigurationList = 52B61E001A44B7C500F494AF /* Build configuration list for PBXNativeTarget "SmartChecklistsTests" */;
			buildPhases = (
				52B61DEF1A44B7C500F494AF /* Sources */,
				52B61DF01A44B7C500F494AF /* Frameworks */,
				52B61DF11A44B7C500F494AF /* Resources */,
			);
			buildRules = (
			);
			dependencies = (
				52B61DF51A44B7C500F494AF /* PBXTargetDependency */,
			);
			name = SmartChecklistsTests;
			productName = SmartChecklistsTests;
			productReference = 52B61DF31A44B7C500F494AF /* SmartChecklistsTests.xctest */;
			productType = "com.apple.product-type.bundle.unit-test";
		};
/* End PBXNativeTarget section */

/* Begin PBXProject section */
		52B61DD61A44B7C400F494AF /* Project object */ = {
			isa = PBXProject;
			attributes = {
				LastUpgradeCheck = 0610;
				ORGANIZATIONNAME = smart;
				TargetAttributes = {
					52B61DDD1A44B7C400F494AF = {
						CreatedOnToolsVersion = 6.1.1;
					};
					52B61DF21A44B7C500F494AF = {
						CreatedOnToolsVersion = 6.1.1;
						TestTargetID = 52B61DDD1A44B7C400F494AF;
					};
				};
			};
			buildConfigurationList = 52B61DD91A44B7C400F494AF /* Build configuration list for PBXProject "SmartChecklists" */;
			compatibilityVersion = "Xcode 3.2";
			developmentRegion = English;
			hasScannedForEncodings = 0;
			knownRegions = (
				en,
				Base,
			);
			mainGroup = 52B61DD51A44B7C400F494AF;
			productRefGroup = 52B61DDF1A44B7C400F494AF /* Products */;
			projectDirPath = "";
			projectRoot = "";
			targets = (
				52B61DDD1A44B7C400F494AF /* SmartChecklists */,
				52B61DF21A44B7C500F494AF /* SmartChecklistsTests */,
			);
		};
/* End PBXProject section */

/* Begin PBXResourcesBuildPhase section */
		52B61DDC1A44B7C400F494AF /* Resources */ = {
			isa = PBXResourcesBuildPhase;
			buildActionMask = 2147483647;
			files = (
				52B61DE91A44B7C500F494AF /* Main.storyboard in Resources */,
				52B61DEE1A44B7C500F494AF /* LaunchScreen.xib in Resources */,
				52B61DEB1A44B7C500F494AF /* Images.xcassets in Resources */,
			);
			runOnlyForDeploymentPostprocessing = 0;
		};
		52B61DF11A44B7C500F494AF /* Resources */ = {
			isa = PBXResourcesBuildPhase;
			buildActionMask = 2147483647;
			files = (
			);
			runOnlyForDeploymentPostprocessing = 0;
		};
/* End PBXResourcesBuildPhase section */

/* Begin PBXSourcesBuildPhase section */
		52B61DDA1A44B7C400F494AF /* Sources */ = {
			isa = PBXSourcesBuildPhase;
			buildActionMask = 2147483647;
			files = (
				52B61DE61A44B7C400F494AF /* ChecklistViewController.swift in Sources */,
				52FF8F341A62ED6F00351480 /* ListDetailViewController.swift in Sources */,
				52A69B831A52F8CB0042F2E8 /* AddItemViewController.swift in Sources */,
				5203AA821A60509B000676FC /* Checklist.swift in Sources */,
				525060801A4B432F0029C34E /* ChecklistItem.swift in Sources */,
				5203AA801A6039B5000676FC /* AllListsViewController.swift in Sources */,
				52B61DE41A44B7C400F494AF /* AppDelegate.swift in Sources */,
				52413BA01A69972200191E9B /* IconPickerViewController.swift in Sources */,
			);
			runOnlyForDeploymentPostprocessing = 0;
		};
		52B61DEF1A44B7C500F494AF /* Sources */ = {
			isa = PBXSourcesBuildPhase;
			buildActionMask = 2147483647;
			files = (
				52B61DFA1A44B7C500F494AF /* SmartChecklistsTests.swift in Sources */,
			);
			runOnlyForDeploymentPostprocessing = 0;
		};
/* End PBXSourcesBuildPhase section */

/* Begin PBXTargetDependency section */
		52B61DF51A44B7C500F494AF /* PBXTargetDependency */ = {
			isa = PBXTargetDependency;
			target = 52B61DDD1A44B7C400F494AF /* SmartChecklists */;
			targetProxy = 52B61DF41A44B7C500F494AF /* PBXContainerItemProxy */;
		};
/* End PBXTargetDependency section */

/* Begin PBXVariantGroup section */
		52B61DE71A44B7C500F494AF /* Main.storyboard */ = {
			isa = PBXVariantGroup;
			children = (
				52B61DE81A44B7C500F494AF /* Base */,
			);
			name = Main.storyboard;
			sourceTree = "<group>";
		};
		52B61DEC1A44B7C500F494AF /* LaunchScreen.xib */ = {
			isa = PBXVariantGroup;
			children = (
				52B61DED1A44B7C500F494AF /* Base */,
			);
			name = LaunchScreen.xib;
			sourceTree = "<group>";
		};
/* End PBXVariantGroup section */

/* Begin XCBuildConfiguration section */
		52B61DFB1A44B7C500F494AF /* Debug */ = {
			isa = XCBuildConfiguration;
			buildSettings = {
				ALWAYS_SEARCH_USER_PATHS = NO;
				CLANG_CXX_LANGUAGE_STANDARD = "gnu++0x";
				CLANG_CXX_LIBRARY = "libc++";
				CLANG_ENABLE_MODULES = YES;
				CLANG_ENABLE_OBJC_ARC = YES;
				CLANG_WARN_BOOL_CONVERSION = YES;
				CLANG_WARN_CONSTANT_CONVERSION = YES;
				CLANG_WARN_DIRECT_OBJC_ISA_USAGE = YES_ERROR;
				CLANG_WARN_EMPTY_BODY = YES;
				CLANG_WARN_ENUM_CONVERSION = YES;
				CLANG_WARN_INT_CONVERSION = YES;
				CLANG_WARN_OBJC_ROOT_CLASS = YES_ERROR;
				CLANG_WARN_UNREACHABLE_CODE = YES;
				CLANG_WARN__DUPLICATE_METHOD_MATCH = YES;
				"CODE_SIGN_IDENTITY[sdk=iphoneos*]" = "iPhone Developer";
				COPY_PHASE_STRIP = NO;
				ENABLE_STRICT_OBJC_MSGSEND = YES;
				GCC_C_LANGUAGE_STANDARD = gnu99;
				GCC_DYNAMIC_NO_PIC = NO;
				GCC_OPTIMIZATION_LEVEL = 0;
				GCC_PREPROCESSOR_DEFINITIONS = (
					"DEBUG=1",
					"$(inherited)",
				);
				GCC_SYMBOLS_PRIVATE_EXTERN = NO;
				GCC_WARN_64_TO_32_BIT_CONVERSION = YES;
				GCC_WARN_ABOUT_RETURN_TYPE = YES_ERROR;
				GCC_WARN_UNDECLARED_SELECTOR = YES;
				GCC_WARN_UNINITIALIZED_AUTOS = YES_AGGRESSIVE;
				GCC_WARN_UNUSED_FUNCTION = YES;
				GCC_WARN_UNUSED_VARIABLE = YES;
				IPHONEOS_DEPLOYMENT_TARGET = 8.1;
				MTL_ENABLE_DEBUG_INFO = YES;
				ONLY_ACTIVE_ARCH = YES;
				SDKROOT = iphoneos;
				SWIFT_OPTIMIZATION_LEVEL = "-Onone";
			};
			name = Debug;
		};
		52B61DFC1A44B7C500F494AF /* Release */ = {
			isa = XCBuildConfiguration;
			buildSettings = {
				ALWAYS_SEARCH_USER_PATHS = NO;
				CLANG_CXX_LANGUAGE_STANDARD = "gnu++0x";
				CLANG_CXX_LIBRARY = "libc++";
				CLANG_ENABLE_MODULES = YES;
				CLANG_ENABLE_OBJC_ARC = YES;
				CLANG_WARN_BOOL_CONVERSION = YES;
				CLANG_WARN_CONSTANT_CONVERSION = YES;
				CLANG_WARN_DIRECT_OBJC_ISA_USAGE = YES_ERROR;
				CLANG_WARN_EMPTY_BODY = YES;
				CLANG_WARN_ENUM_CONVERSION = YES;
				CLANG_WARN_INT_CONVERSION = YES;
				CLANG_WARN_OBJC_ROOT_CLASS = YES_ERROR;
				CLANG_WARN_UNREACHABLE_CODE = YES;
				CLANG_WARN__DUPLICATE_METHOD_MATCH = YES;
				"CODE_SIGN_IDENTITY[sdk=iphoneos*]" = "iPhone Developer";
				COPY_PHASE_STRIP = YES;
				ENABLE_NS_ASSERTIONS = NO;
				ENABLE_STRICT_OBJC_MSGSEND = YES;
				GCC_C_LANGUAGE_STANDARD = gnu99;
				GCC_WARN_64_TO_32_BIT_CONVERSION = YES;
				GCC_WARN_ABOUT_RETURN_TYPE = YES_ERROR;
				GCC_WARN_UNDECLARED_SELECTOR = YES;
				GCC_WARN_UNINITIALIZED_AUTOS = YES_AGGRESSIVE;
				GCC_WARN_UNUSED_FUNCTION = YES;
				GCC_WARN_UNUSED_VARIABLE = YES;
				IPHONEOS_DEPLOYMENT_TARGET = 8.1;
				MTL_ENABLE_DEBUG_INFO = NO;
				SDKROOT = iphoneos;
				VALIDATE_PRODUCT = YES;
			};
			name = Release;
		};
		52B61DFE1A44B7C500F494AF /* Debug */ = {
			isa = XCBuildConfiguration;
			buildSettings = {
				ASSETCATALOG_COMPILER_APPICON_NAME = AppIcon;
				INFOPLIST_FILE = SmartChecklists/Info.plist;
				LD_RUNPATH_SEARCH_PATHS = "$(inherited) @executable_path/Frameworks";
				PRODUCT_NAME = "$(TARGET_NAME)";
			};
			name = Debug;
		};
		52B61DFF1A44B7C500F494AF /* Release */ = {
			isa = XCBuildConfiguration;
			buildSettings = {
				ASSETCATALOG_COMPILER_APPICON_NAME = AppIcon;
				INFOPLIST_FILE = SmartChecklists/Info.plist;
				LD_RUNPATH_SEARCH_PATHS = "$(inherited) @executable_path/Frameworks";
				PRODUCT_NAME = "$(TARGET_NAME)";
			};
			name = Release;
		};
		52B61E011A44B7C500F494AF /* Debug */ = {
			isa = XCBuildConfiguration;
			buildSettings = {
				BUNDLE_LOADER = "$(TEST_HOST)";
				FRAMEWORK_SEARCH_PATHS = (
					"$(SDKROOT)/Developer/Library/Frameworks",
					"$(inherited)",
				);
				GCC_PREPROCESSOR_DEFINITIONS = (
					"DEBUG=1",
					"$(inherited)",
				);
				INFOPLIST_FILE = SmartChecklistsTests/Info.plist;
				LD_RUNPATH_SEARCH_PATHS = "$(inherited) @executable_path/Frameworks @loader_path/Frameworks";
				PRODUCT_NAME = "$(TARGET_NAME)";
				TEST_HOST = "$(BUILT_PRODUCTS_DIR)/SmartChecklists.app/SmartChecklists";
			};
			name = Debug;
		};
		52B61E021A44B7C500F494AF /* Release */ = {
			isa = XCBuildConfiguration;
			buildSettings = {
				BUNDLE_LOADER = "$(TEST_HOST)";
				FRAMEWORK_SEARCH_PATHS = (
					"$(SDKROOT)/Developer/Library/Frameworks",
					"$(inherited)",
				);
				INFOPLIST_FILE = SmartChecklistsTests/Info.plist;
				LD_RUNPATH_SEARCH_PATHS = "$(inherited) @executable_path/Frameworks @loader_path/Frameworks";
				PRODUCT_NAME = "$(TARGET_NAME)";
				TEST_HOST = "$(BUILT_PRODUCTS_DIR)/SmartChecklists.app/SmartChecklists";
			};
			name = Release;
		};
/* End XCBuildConfiguration section */

/* Begin XCConfigurationList section */
		52B61DD91A44B7C400F494AF /* Build configuration list for PBXProject "SmartChecklists" */ = {
			isa = XCConfigurationList;
			buildConfigurations = (
				52B61DFB1A44B7C500F494AF /* Debug */,
				52B61DFC1A44B7C500F494AF /* Release */,
			);
			defaultConfigurationIsVisible = 0;
			defaultConfigurationName = Release;
		};
		52B61DFD1A44B7C500F494AF /* Build configuration list for PBXNativeTarget "SmartChecklists" */ = {
			isa = XCConfigurationList;
			buildConfigurations = (
				52B61DFE1A44B7C500F494AF /* Debug */,
				52B61DFF1A44B7C500F494AF /* Release */,
			);
			defaultConfigurationIsVisible = 0;
			defaultConfigurationName = Release;
		};
		52B61E001A44B7C500F494AF /* Build configuration list for PBXNativeTarget "SmartChecklistsTests" */ = {
			isa = XCConfigurationList;
			buildConfigurations = (
				52B61E011A44B7C500F494AF /* Debug */,
				52B61E021A44B7C500F494AF /* Release */,
			);
			defaultConfigurationIsVisible = 0;
			defaultConfigurationName = Release;
		};
/* End XCConfigurationList section */
	};
	rootObject = 52B61DD61A44B7C400F494AF /* Project object */;
}
