// !$*UTF8*$!
{
	archiveVersion = 1;
	classes = {
	};
	objectVersion = 46;
	objects = {

/* Begin PBXBuildFile section */
		52C23FAB1A7CA60D00FCCF46 /* AppDelegate.swift in Sources */ = {isa = PBXBuildFile; fileRef = 52C23FAA1A7CA60D00FCCF46 /* AppDelegate.swift */; };
		52C23FAD1A7CA60D00FCCF46 /* ViewController.swift in Sources */ = {isa = PBXBuildFile; fileRef = 52C23FAC1A7CA60D00FCCF46 /* ViewController.swift */; };
		52C23FB01A7CA60D00FCCF46 /* Main.storyboard in Resources */ = {isa = PBXBuildFile; fileRef = 52C23FAE1A7CA60D00FCCF46 /* Main.storyboard */; };
		52C23FB21A7CA60D00FCCF46 /* Images.xcassets in Resources */ = {isa = PBXBuildFile; fileRef = 52C23FB11A7CA60D00FCCF46 /* Images.xcassets */; };
		52C23FB51A7CA60D00FCCF46 /* LaunchScreen.xib in Resources */ = {isa = PBXBuildFile; fileRef = 52C23FB31A7CA60D00FCCF46 /* LaunchScreen.xib */; };
		52C23FC11A7CA60D00FCCF46 /* Swift_SegmentTests.swift in Sources */ = {isa = PBXBuildFile; fileRef = 52C23FC01A7CA60D00FCCF46 /* Swift_SegmentTests.swift */; };
		52C23FDD1A7CBC4800FCCF46 /* ch1.pdf in Resources */ = {isa = PBXBuildFile; fileRef = 52C23FD91A7CBC4800FCCF46 /* ch1.pdf */; };
		52C23FDE1A7CBC4800FCCF46 /* ch2.pdf in Resources */ = {isa = PBXBuildFile; fileRef = 52C23FDA1A7CBC4800FCCF46 /* ch2.pdf */; };
		52C23FDF1A7CBC4800FCCF46 /* ch3.pdf in Resources */ = {isa = PBXBuildFile; fileRef = 52C23FDB1A7CBC4800FCCF46 /* ch3.pdf */; };
		52C23FE01A7CBC4800FCCF46 /* ch4.pdf in Resources */ = {isa = PBXBuildFile; fileRef = 52C23FDC1A7CBC4800FCCF46 /* ch4.pdf */; };
/* End PBXBuildFile section */

/* Begin PBXContainerItemProxy section */
		52C23FBB1A7CA60D00FCCF46 /* PBXContainerItemProxy */ = {
			isa = PBXContainerItemProxy;
			containerPortal = 52C23F9D1A7CA60D00FCCF46 /* Project object */;
			proxyType = 1;
			remoteGlobalIDString = 52C23FA41A7CA60D00FCCF46;
			remoteInfo = "Swift-Segment";
		};
/* End PBXContainerItemProxy section */

/* Begin PBXFileReference section */
		52C23FA51A7CA60D00FCCF46 /* Swift-Segment.app */ = {isa = PBXFileReference; explicitFileType = wrapper.application; includeInIndex = 0; path = "Swift-Segment.app"; sourceTree = BUILT_PRODUCTS_DIR; };
		52C23FA91A7CA60D00FCCF46 /* Info.plist */ = {isa = PBXFileReference; lastKnownFileType = text.plist.xml; path = Info.plist; sourceTree = "<group>"; };
		52C23FAA1A7CA60D00FCCF46 /* AppDelegate.swift */ = {isa = PBXFileReference; lastKnownFileType = sourcecode.swift; path = AppDelegate.swift; sourceTree = "<group>"; };
		52C23FAC1A7CA60D00FCCF46 /* ViewController.swift */ = {isa = PBXFileReference; lastKnownFileType = sourcecode.swift; path = ViewController.swift; sourceTree = "<group>"; };
		52C23FAF1A7CA60D00FCCF46 /* Base */ = {isa = PBXFileReference; lastKnownFileType = file.storyboard; name = Base; path = Base.lproj/Main.storyboard; sourceTree = "<group>"; };
		52C23FB11A7CA60D00FCCF46 /* Images.xcassets */ = {isa = PBXFileReference; lastKnownFileType = folder.assetcatalog; path = Images.xcassets; sourceTree = "<group>"; };
		52C23FB41A7CA60D00FCCF46 /* Base */ = {isa = PBXFileReference; lastKnownFileType = file.xib; name = Base; path = Base.lproj/LaunchScreen.xib; sourceTree = "<group>"; };
		52C23FBA1A7CA60D00FCCF46 /* Swift-SegmentTests.xctest */ = {isa = PBXFileReference; explicitFileType = wrapper.cfbundle; includeInIndex = 0; path = "Swift-SegmentTests.xctest"; sourceTree = BUILT_PRODUCTS_DIR; };
		52C23FBF1A7CA60D00FCCF46 /* Info.plist */ = {isa = PBXFileReference; lastKnownFileType = text.plist.xml; path = Info.plist; sourceTree = "<group>"; };
		52C23FC01A7CA60D00FCCF46 /* Swift_SegmentTests.swift */ = {isa = PBXFileReference; lastKnownFileType = sourcecode.swift; path = Swift_SegmentTests.swift; sourceTree = "<group>"; };
		52C23FD91A7CBC4800FCCF46 /* ch1.pdf */ = {isa = PBXFileReference; lastKnownFileType = image.pdf; path = ch1.pdf; sourceTree = "<group>"; };
		52C23FDA1A7CBC4800FCCF46 /* ch2.pdf */ = {isa = PBXFileReference; lastKnownFileType = image.pdf; path = ch2.pdf; sourceTree = "<group>"; };
		52C23FDB1A7CBC4800FCCF46 /* ch3.pdf */ = {isa = PBXFileReference; lastKnownFileType = image.pdf; path = ch3.pdf; sourceTree = "<group>"; };
		52C23FDC1A7CBC4800FCCF46 /* ch4.pdf */ = {isa = PBXFileReference; lastKnownFileType = image.pdf; path = ch4.pdf; sourceTree = "<group>"; };
/* End PBXFileReference section */

/* Begin PBXFrameworksBuildPhase section */
		52C23FA21A7CA60D00FCCF46 /* Frameworks */ = {
			isa = PBXFrameworksBuildPhase;
			buildActionMask = 2147483647;
			files = (
			);
			runOnlyForDeploymentPostprocessing = 0;
		};
		52C23FB71A7CA60D00FCCF46 /* Frameworks */ = {
			isa = PBXFrameworksBuildPhase;
			buildActionMask = 2147483647;
			files = (
			);
			runOnlyForDeploymentPostprocessing = 0;
		};
/* End PBXFrameworksBuildPhase section */

/* Begin PBXGroup section */
		52C23F9C1A7CA60D00FCCF46 = {
			isa = PBXGroup;
			children = (
				52C23FA71A7CA60D00FCCF46 /* Swift-Segment */,
				52C23FBD1A7CA60D00FCCF46 /* Swift-SegmentTests */,
				52C23FA61A7CA60D00FCCF46 /* Products */,
			);
			sourceTree = "<group>";
		};
		52C23FA61A7CA60D00FCCF46 /* Products */ = {
			isa = PBXGroup;
			children = (
				52C23FA51A7CA60D00FCCF46 /* Swift-Segment.app */,
				52C23FBA1A7CA60D00FCCF46 /* Swift-SegmentTests.xctest */,
			);
			name = Products;
			sourceTree = "<group>";
		};
		52C23FA71A7CA60D00FCCF46 /* Swift-Segment */ = {
			isa = PBXGroup;
			children = (
				52C23FD91A7CBC4800FCCF46 /* ch1.pdf */,
				52C23FDA1A7CBC4800FCCF46 /* ch2.pdf */,
				52C23FDB1A7CBC4800FCCF46 /* ch3.pdf */,
				52C23FDC1A7CBC4800FCCF46 /* ch4.pdf */,
				52C23FAA1A7CA60D00FCCF46 /* AppDelegate.swift */,
				52C23FAC1A7CA60D00FCCF46 /* ViewController.swift */,
				52C23FAE1A7CA60D00FCCF46 /* Main.storyboard */,
				52C23FB11A7CA60D00FCCF46 /* Images.xcassets */,
				52C23FB31A7CA60D00FCCF46 /* LaunchScreen.xib */,
				52C23FA81A7CA60D00FCCF46 /* Supporting Files */,
			);
			path = "Swift-Segment";
			sourceTree = "<group>";
		};
		52C23FA81A7CA60D00FCCF46 /* Supporting Files */ = {
			isa = PBXGroup;
			children = (
				52C23FA91A7CA60D00FCCF46 /* Info.plist */,
			);
			name = "Supporting Files";
			sourceTree = "<group>";
		};
		52C23FBD1A7CA60D00FCCF46 /* Swift-SegmentTests */ = {
			isa = PBXGroup;
			children = (
				52C23FC01A7CA60D00FCCF46 /* Swift_SegmentTests.swift */,
				52C23FBE1A7CA60D00FCCF46 /* Supporting Files */,
			);
			path = "Swift-SegmentTests";
			sourceTree = "<group>";
		};
		52C23FBE1A7CA60D00FCCF46 /* Supporting Files */ = {
			isa = PBXGroup;
			children = (
				52C23FBF1A7CA60D00FCCF46 /* Info.plist */,
			);
			name = "Supporting Files";
			sourceTree = "<group>";
		};
/* End PBXGroup section */

/* Begin PBXNativeTarget section */
		52C23FA41A7CA60D00FCCF46 /* Swift-Segment */ = {
			isa = PBXNativeTarget;
			buildConfigurationList = 52C23FC41A7CA60D00FCCF46 /* Build configuration list for PBXNativeTarget "Swift-Segment" */;
			buildPhases = (
				52C23FA11A7CA60D00FCCF46 /* Sources */,
				52C23FA21A7CA60D00FCCF46 /* Frameworks */,
				52C23FA31A7CA60D00FCCF46 /* Resources */,
			);
			buildRules = (
			);
			dependencies = (
			);
			name = "Swift-Segment";
			productName = "Swift-Segment";
			productReference = 52C23FA51A7CA60D00FCCF46 /* Swift-Segment.app */;
			productType = "com.apple.product-type.application";
		};
		52C23FB91A7CA60D00FCCF46 /* Swift-SegmentTests */ = {
			isa = PBXNativeTarget;
			buildConfigurationList = 52C23FC71A7CA60D00FCCF46 /* Build configuration list for PBXNativeTarget "Swift-SegmentTests" */;
			buildPhases = (
				52C23FB61A7CA60D00FCCF46 /* Sources */,
				52C23FB71A7CA60D00FCCF46 /* Frameworks */,
				52C23FB81A7CA60D00FCCF46 /* Resources */,
			);
			buildRules = (
			);
			dependencies = (
				52C23FBC1A7CA60D00FCCF46 /* PBXTargetDependency */,
			);
			name = "Swift-SegmentTests";
			productName = "Swift-SegmentTests";
			productReference = 52C23FBA1A7CA60D00FCCF46 /* Swift-SegmentTests.xctest */;
			productType = "com.apple.product-type.bundle.unit-test";
		};
/* End PBXNativeTarget section */

/* Begin PBXProject section */
		52C23F9D1A7CA60D00FCCF46 /* Project object */ = {
			isa = PBXProject;
			attributes = {
				LastUpgradeCheck = 0610;
				ORGANIZATIONNAME = "Smart HRD";
				TargetAttributes = {
					52C23FA41A7CA60D00FCCF46 = {
						CreatedOnToolsVersion = 6.1.1;
					};
					52C23FB91A7CA60D00FCCF46 = {
						CreatedOnToolsVersion = 6.1.1;
						TestTargetID = 52C23FA41A7CA60D00FCCF46;
					};
				};
			};
			buildConfigurationList = 52C23FA01A7CA60D00FCCF46 /* Build configuration list for PBXProject "Swift-Segment" */;
			compatibilityVersion = "Xcode 3.2";
			developmentRegion = English;
			hasScannedForEncodings = 0;
			knownRegions = (
				en,
				Base,
			);
			mainGroup = 52C23F9C1A7CA60D00FCCF46;
			productRefGroup = 52C23FA61A7CA60D00FCCF46 /* Products */;
			projectDirPath = "";
			projectRoot = "";
			targets = (
				52C23FA41A7CA60D00FCCF46 /* Swift-Segment */,
				52C23FB91A7CA60D00FCCF46 /* Swift-SegmentTests */,
			);
		};
/* End PBXProject section */

/* Begin PBXResourcesBuildPhase section */
		52C23FA31A7CA60D00FCCF46 /* Resources */ = {
			isa = PBXResourcesBuildPhase;
			buildActionMask = 2147483647;
			files = (
				52C23FE01A7CBC4800FCCF46 /* ch4.pdf in Resources */,
				52C23FB01A7CA60D00FCCF46 /* Main.storyboard in Resources */,
				52C23FB51A7CA60D00FCCF46 /* LaunchScreen.xib in Resources */,
				52C23FB21A7CA60D00FCCF46 /* Images.xcassets in Resources */,
				52C23FDF1A7CBC4800FCCF46 /* ch3.pdf in Resources */,
				52C23FDE1A7CBC4800FCCF46 /* ch2.pdf in Resources */,
				52C23FDD1A7CBC4800FCCF46 /* ch1.pdf in Resources */,
			);
			runOnlyForDeploymentPostprocessing = 0;
		};
		52C23FB81A7CA60D00FCCF46 /* Resources */ = {
			isa = PBXResourcesBuildPhase;
			buildActionMask = 2147483647;
			files = (
			);
			runOnlyForDeploymentPostprocessing = 0;
		};
/* End PBXResourcesBuildPhase section */

/* Begin PBXSourcesBuildPhase section */
		52C23FA11A7CA60D00FCCF46 /* Sources */ = {
			isa = PBXSourcesBuildPhase;
			buildActionMask = 2147483647;
			files = (
				52C23FAD1A7CA60D00FCCF46 /* ViewController.swift in Sources */,
				52C23FAB1A7CA60D00FCCF46 /* AppDelegate.swift in Sources */,
			);
			runOnlyForDeploymentPostprocessing = 0;
		};
		52C23FB61A7CA60D00FCCF46 /* Sources */ = {
			isa = PBXSourcesBuildPhase;
			buildActionMask = 2147483647;
			files = (
				52C23FC11A7CA60D00FCCF46 /* Swift_SegmentTests.swift in Sources */,
			);
			runOnlyForDeploymentPostprocessing = 0;
		};
/* End PBXSourcesBuildPhase section */

/* Begin PBXTargetDependency section */
		52C23FBC1A7CA60D00FCCF46 /* PBXTargetDependency */ = {
			isa = PBXTargetDependency;
			target = 52C23FA41A7CA60D00FCCF46 /* Swift-Segment */;
			targetProxy = 52C23FBB1A7CA60D00FCCF46 /* PBXContainerItemProxy */;
		};
/* End PBXTargetDependency section */

/* Begin PBXVariantGroup section */
		52C23FAE1A7CA60D00FCCF46 /* Main.storyboard */ = {
			isa = PBXVariantGroup;
			children = (
				52C23FAF1A7CA60D00FCCF46 /* Base */,
			);
			name = Main.storyboard;
			sourceTree = "<group>";
		};
		52C23FB31A7CA60D00FCCF46 /* LaunchScreen.xib */ = {
			isa = PBXVariantGroup;
			children = (
				52C23FB41A7CA60D00FCCF46 /* Base */,
			);
			name = LaunchScreen.xib;
			sourceTree = "<group>";
		};
/* End PBXVariantGroup section */

/* Begin XCBuildConfiguration section */
		52C23FC21A7CA60D00FCCF46 /* Debug */ = {
			isa = XCBuildConfiguration;
			buildSettings = {
				ALWAYS_SEARCH_USER_PATHS = NO;
				CLANG_CXX_LANGUAGE_STANDARD = "gnu++0x";
				CLANG_CXX_LIBRARY = "libc++";
				CLANG_ENABLE_MODULES = YES;
				CLANG_ENABLE_OBJC_ARC = YES;
				CLANG_WARN_BOOL_CONVERSION = YES;
				CLANG_WARN_CONSTANT_CONVERSION = YES;
				CLANG_WARN_DIRECT_OBJC_ISA_USAGE = YES_ERROR;
				CLANG_WARN_EMPTY_BODY = YES;
				CLANG_WARN_ENUM_CONVERSION = YES;
				CLANG_WARN_INT_CONVERSION = YES;
				CLANG_WARN_OBJC_ROOT_CLASS = YES_ERROR;
				CLANG_WARN_UNREACHABLE_CODE = YES;
				CLANG_WARN__DUPLICATE_METHOD_MATCH = YES;
				"CODE_SIGN_IDENTITY[sdk=iphoneos*]" = "iPhone Developer";
				COPY_PHASE_STRIP = NO;
				ENABLE_STRICT_OBJC_MSGSEND = YES;
				GCC_C_LANGUAGE_STANDARD = gnu99;
				GCC_DYNAMIC_NO_PIC = NO;
				GCC_OPTIMIZATION_LEVEL = 0;
				GCC_PREPROCESSOR_DEFINITIONS = (
					"DEBUG=1",
					"$(inherited)",
				);
				GCC_SYMBOLS_PRIVATE_EXTERN = NO;
				GCC_WARN_64_TO_32_BIT_CONVERSION = YES;
				GCC_WARN_ABOUT_RETURN_TYPE = YES_ERROR;
				GCC_WARN_UNDECLARED_SELECTOR = YES;
				GCC_WARN_UNINITIALIZED_AUTOS = YES_AGGRESSIVE;
				GCC_WARN_UNUSED_FUNCTION = YES;
				GCC_WARN_UNUSED_VARIABLE = YES;
				IPHONEOS_DEPLOYMENT_TARGET = 8.1;
				MTL_ENABLE_DEBUG_INFO = YES;
				ONLY_ACTIVE_ARCH = YES;
				SDKROOT = iphoneos;
				SWIFT_OPTIMIZATION_LEVEL = "-Onone";
			};
			name = Debug;
		};
		52C23FC31A7CA60D00FCCF46 /* Release */ = {
			isa = XCBuildConfiguration;
			buildSettings = {
				ALWAYS_SEARCH_USER_PATHS = NO;
				CLANG_CXX_LANGUAGE_STANDARD = "gnu++0x";
				CLANG_CXX_LIBRARY = "libc++";
				CLANG_ENABLE_MODULES = YES;
				CLANG_ENABLE_OBJC_ARC = YES;
				CLANG_WARN_BOOL_CONVERSION = YES;
				CLANG_WARN_CONSTANT_CONVERSION = YES;
				CLANG_WARN_DIRECT_OBJC_ISA_USAGE = YES_ERROR;
				CLANG_WARN_EMPTY_BODY = YES;
				CLANG_WARN_ENUM_CONVERSION = YES;
				CLANG_WARN_INT_CONVERSION = YES;
				CLANG_WARN_OBJC_ROOT_CLASS = YES_ERROR;
				CLANG_WARN_UNREACHABLE_CODE = YES;
				CLANG_WARN__DUPLICATE_METHOD_MATCH = YES;
				"CODE_SIGN_IDENTITY[sdk=iphoneos*]" = "iPhone Developer";
				COPY_PHASE_STRIP = YES;
				ENABLE_NS_ASSERTIONS = NO;
				ENABLE_STRICT_OBJC_MSGSEND = YES;
				GCC_C_LANGUAGE_STANDARD = gnu99;
				GCC_WARN_64_TO_32_BIT_CONVERSION = YES;
				GCC_WARN_ABOUT_RETURN_TYPE = YES_ERROR;
				GCC_WARN_UNDECLARED_SELECTOR = YES;
				GCC_WARN_UNINITIALIZED_AUTOS = YES_AGGRESSIVE;
				GCC_WARN_UNUSED_FUNCTION = YES;
				GCC_WARN_UNUSED_VARIABLE = YES;
				IPHONEOS_DEPLOYMENT_TARGET = 8.1;
				MTL_ENABLE_DEBUG_INFO = NO;
				SDKROOT = iphoneos;
				VALIDATE_PRODUCT = YES;
			};
			name = Release;
		};
		52C23FC51A7CA60D00FCCF46 /* Debug */ = {
			isa = XCBuildConfiguration;
			buildSettings = {
				ASSETCATALOG_COMPILER_APPICON_NAME = AppIcon;
				INFOPLIST_FILE = "Swift-Segment/Info.plist";
				LD_RUNPATH_SEARCH_PATHS = "$(inherited) @executable_path/Frameworks";
				PRODUCT_NAME = "$(TARGET_NAME)";
			};
			name = Debug;
		};
		52C23FC61A7CA60D00FCCF46 /* Release */ = {
			isa = XCBuildConfiguration;
			buildSettings = {
				ASSETCATALOG_COMPILER_APPICON_NAME = AppIcon;
				INFOPLIST_FILE = "Swift-Segment/Info.plist";
				LD_RUNPATH_SEARCH_PATHS = "$(inherited) @executable_path/Frameworks";
				PRODUCT_NAME = "$(TARGET_NAME)";
			};
			name = Release;
		};
		52C23FC81A7CA60D00FCCF46 /* Debug */ = {
			isa = XCBuildConfiguration;
			buildSettings = {
				BUNDLE_LOADER = "$(TEST_HOST)";
				FRAMEWORK_SEARCH_PATHS = (
					"$(SDKROOT)/Developer/Library/Frameworks",
					"$(inherited)",
				);
				GCC_PREPROCESSOR_DEFINITIONS = (
					"DEBUG=1",
					"$(inherited)",
				);
				INFOPLIST_FILE = "Swift-SegmentTests/Info.plist";
				LD_RUNPATH_SEARCH_PATHS = "$(inherited) @executable_path/Frameworks @loader_path/Frameworks";
				PRODUCT_NAME = "$(TARGET_NAME)";
				TEST_HOST = "$(BUILT_PRODUCTS_DIR)/Swift-Segment.app/Swift-Segment";
			};
			name = Debug;
		};
		52C23FC91A7CA60D00FCCF46 /* Release */ = {
			isa = XCBuildConfiguration;
			buildSettings = {
				BUNDLE_LOADER = "$(TEST_HOST)";
				FRAMEWORK_SEARCH_PATHS = (
					"$(SDKROOT)/Developer/Library/Frameworks",
					"$(inherited)",
				);
				INFOPLIST_FILE = "Swift-SegmentTests/Info.plist";
				LD_RUNPATH_SEARCH_PATHS = "$(inherited) @executable_path/Frameworks @loader_path/Frameworks";
				PRODUCT_NAME = "$(TARGET_NAME)";
				TEST_HOST = "$(BUILT_PRODUCTS_DIR)/Swift-Segment.app/Swift-Segment";
			};
			name = Release;
		};
/* End XCBuildConfiguration section */

/* Begin XCConfigurationList section */
		52C23FA01A7CA60D00FCCF46 /* Build configuration list for PBXProject "Swift-Segment" */ = {
			isa = XCConfigurationList;
			buildConfigurations = (
				52C23FC21A7CA60D00FCCF46 /* Debug */,
				52C23FC31A7CA60D00FCCF46 /* Release */,
			);
			defaultConfigurationIsVisible = 0;
			defaultConfigurationName = Release;
		};
		52C23FC41A7CA60D00FCCF46 /* Build configuration list for PBXNativeTarget "Swift-Segment" */ = {
			isa = XCConfigurationList;
			buildConfigurations = (
				52C23FC51A7CA60D00FCCF46 /* Debug */,
				52C23FC61A7CA60D00FCCF46 /* Release */,
			);
			defaultConfigurationIsVisible = 0;
			defaultConfigurationName = Release;
		};
		52C23FC71A7CA60D00FCCF46 /* Build configuration list for PBXNativeTarget "Swift-SegmentTests" */ = {
			isa = XCConfigurationList;
			buildConfigurations = (
				52C23FC81A7CA60D00FCCF46 /* Debug */,
				52C23FC91A7CA60D00FCCF46 /* Release */,
			);
			defaultConfigurationIsVisible = 0;
			defaultConfigurationName = Release;
		};
/* End XCConfigurationList section */
	};
	rootObject = 52C23F9D1A7CA60D00FCCF46 /* Project object */;
}
